
Microsoft Visual Studio Solution File, Format Version 12.00
# Visual Studio 15
VisualStudioVersion = 15.0.26730.12
MinimumVisualStudioVersion = 10.0.40219.1
Project("{FAE04EC0-301F-11D3-BF4B-00C04F79EFBC}") = "MQtest", "MQtest\MQtest.csproj", "{FD811A5B-D490-4168-A048-A09E2E6237A5}"
EndProject
Global
	GlobalSection(SolutionConfigurationPlatforms) = preSolution
		Debug|Any CPU = Debug|Any CPU
		Release|Any CPU = Release|Any CPU
	EndGlobalSection
	GlobalSection(ProjectConfigurationPlatforms) = postSolution
		{FD811A5B-D490-4168-A048-A09E2E6237A5}.Debug|Any CPU.ActiveCfg = Debug|Any CPU
		{FD811A5B-D490-4168-A048-A09E2E6237A5}.Debug|Any CPU.Build.0 = Debug|Any CPU
		{FD811A5B-D490-4168-A048-A09E2E6237A5}.Release|Any CPU.ActiveCfg = Release|Any CPU
		{FD811A5B-D490-4168-A048-A09E2E6237A5}.Release|Any CPU.Build.0 = Release|Any CPU
	EndGlobalSection
	GlobalSection(SolutionProperties) = preSolution
		HideSolutionNode = FALSE
	EndGlobalSection
	GlobalSection(ExtensibilityGlobals) = postSolution
		SolutionGuid = {8FF60F1D-7DA6-4304-8138-53EF9C8DE467}
	EndGlobalSection
EndGlobal
